{
  "name": "condition-exports",
  "version": "1.0.0",
  "lockfileVersion": 3,
  "requires": true,
  "packages": {
    "": {
      "name": "condition-exports",
      "version": "1.0.0",
      "license": "ISC",
      "dependencies": {
        "condition-exports-lib": "file:../condition-exports-lib"
      }
    },
    "../condition-exports-lib": {
      "version": "1.0.0",
      "license": "ISC"
    },
    "node_modules/condition-exports-lib": {
      "resolved": "../condition-exports-lib",
      "link": true
    }
  }
}
